
Microsoft Visual Studio Solution File, Format Version 12.00
# Visual Studio Version 16
VisualStudioVersion = 16.0.31129.286
MinimumVisualStudioVersion = 10.0.40219.1
Project("{FAE04EC0-301F-11D3-BF4B-00C04F79EFBC}") = "ListExercises", "ListExercises\ListExercises.csproj", "{689FB1BB-5904-4D9C-A11D-2A7A05E389EA}"
EndProject
Global
	GlobalSection(SolutionConfigurationPlatforms) = preSolution
		Debug|Any CPU = Debug|Any CPU
		Release|Any CPU = Release|Any CPU
	EndGlobalSection
	GlobalSection(ProjectConfigurationPlatforms) = postSolution
		{689FB1BB-5904-4D9C-A11D-2A7A05E389EA}.Debug|Any CPU.ActiveCfg = Debug|Any CPU
		{689FB1BB-5904-4D9C-A11D-2A7A05E389EA}.Debug|Any CPU.Build.0 = Debug|Any CPU
		{689FB1BB-5904-4D9C-A11D-2A7A05E389EA}.Release|Any CPU.ActiveCfg = Release|Any CPU
		{689FB1BB-5904-4D9C-A11D-2A7A05E389EA}.Release|Any CPU.Build.0 = Release|Any CPU
	EndGlobalSection
	GlobalSection(SolutionProperties) = preSolution
		HideSolutionNode = FALSE
	EndGlobalSection
	GlobalSection(ExtensibilityGlobals) = postSolution
		SolutionGuid = {168B7B16-506D-45F8-8F09-713A830C21A5}
	EndGlobalSection
EndGlobal
