
Microsoft Visual Studio Solution File, Format Version 12.00
# Visual Studio Version 16
VisualStudioVersion = 16.0.31112.23
MinimumVisualStudioVersion = 10.0.40219.1
Project("{FAE04EC0-301F-11D3-BF4B-00C04F79EFBC}") = "CapsuleHotel", "CapsuleHotel.csproj", "{9884AC2D-C139-4F7E-9F81-1FD67EFDD49E}"
EndProject
Global
	GlobalSection(SolutionConfigurationPlatforms) = preSolution
		Debug|Any CPU = Debug|Any CPU
		Release|Any CPU = Release|Any CPU
	EndGlobalSection
	GlobalSection(ProjectConfigurationPlatforms) = postSolution
		{9884AC2D-C139-4F7E-9F81-1FD67EFDD49E}.Debug|Any CPU.ActiveCfg = Debug|Any CPU
		{9884AC2D-C139-4F7E-9F81-1FD67EFDD49E}.Debug|Any CPU.Build.0 = Debug|Any CPU
		{9884AC2D-C139-4F7E-9F81-1FD67EFDD49E}.Release|Any CPU.ActiveCfg = Release|Any CPU
		{9884AC2D-C139-4F7E-9F81-1FD67EFDD49E}.Release|Any CPU.Build.0 = Release|Any CPU
	EndGlobalSection
	GlobalSection(SolutionProperties) = preSolution
		HideSolutionNode = FALSE
	EndGlobalSection
	GlobalSection(ExtensibilityGlobals) = postSolution
		SolutionGuid = {C8B0E020-33DC-46A7-8EEB-FD24F80E7763}
	EndGlobalSection
EndGlobal
