
Microsoft Visual Studio Solution File, Format Version 12.00
# Visual Studio Version 16
VisualStudioVersion = 16.0.31112.23
MinimumVisualStudioVersion = 10.0.40219.1
Project("{FAE04EC0-301F-11D3-BF4B-00C04F79EFBC}") = "TeamWork", "TeamWork.csproj", "{AC539D87-AA9B-45D1-A386-CB8CBBD79699}"
EndProject
Global
	GlobalSection(SolutionConfigurationPlatforms) = preSolution
		Debug|Any CPU = Debug|Any CPU
		Release|Any CPU = Release|Any CPU
	EndGlobalSection
	GlobalSection(ProjectConfigurationPlatforms) = postSolution
		{AC539D87-AA9B-45D1-A386-CB8CBBD79699}.Debug|Any CPU.ActiveCfg = Debug|Any CPU
		{AC539D87-AA9B-45D1-A386-CB8CBBD79699}.Debug|Any CPU.Build.0 = Debug|Any CPU
		{AC539D87-AA9B-45D1-A386-CB8CBBD79699}.Release|Any CPU.ActiveCfg = Release|Any CPU
		{AC539D87-AA9B-45D1-A386-CB8CBBD79699}.Release|Any CPU.Build.0 = Release|Any CPU
	EndGlobalSection
	GlobalSection(SolutionProperties) = preSolution
		HideSolutionNode = FALSE
	EndGlobalSection
	GlobalSection(ExtensibilityGlobals) = postSolution
		SolutionGuid = {F744F8BF-9BA5-43F4-9033-3B90688A9C4A}
	EndGlobalSection
EndGlobal
