
Microsoft Visual Studio Solution File, Format Version 12.00
# Visual Studio Version 16
VisualStudioVersion = 16.0.31112.23
MinimumVisualStudioVersion = 10.0.40219.1
Project("{FAE04EC0-301F-11D3-BF4B-00C04F79EFBC}") = "ApplicationOverview", "ApplicationOverview\ApplicationOverview.csproj", "{1D887DC2-3556-4680-B2AA-4219E732B88A}"
EndProject
Global
	GlobalSection(SolutionConfigurationPlatforms) = preSolution
		Debug|Any CPU = Debug|Any CPU
		Release|Any CPU = Release|Any CPU
	EndGlobalSection
	GlobalSection(ProjectConfigurationPlatforms) = postSolution
		{1D887DC2-3556-4680-B2AA-4219E732B88A}.Debug|Any CPU.ActiveCfg = Debug|Any CPU
		{1D887DC2-3556-4680-B2AA-4219E732B88A}.Debug|Any CPU.Build.0 = Debug|Any CPU
		{1D887DC2-3556-4680-B2AA-4219E732B88A}.Release|Any CPU.ActiveCfg = Release|Any CPU
		{1D887DC2-3556-4680-B2AA-4219E732B88A}.Release|Any CPU.Build.0 = Release|Any CPU
	EndGlobalSection
	GlobalSection(SolutionProperties) = preSolution
		HideSolutionNode = FALSE
	EndGlobalSection
	GlobalSection(ExtensibilityGlobals) = postSolution
		SolutionGuid = {9EABB71D-D3A0-4356-B60F-280D69AD3D6D}
	EndGlobalSection
EndGlobal
