
Microsoft Visual Studio Solution File, Format Version 12.00
# Visual Studio Version 16
VisualStudioVersion = 16.0.31205.134
MinimumVisualStudioVersion = 10.0.40219.1
Project("{FAE04EC0-301F-11D3-BF4B-00C04F79EFBC}") = "LinqWarmUpWeekSixDayTwo", "LinqWarmUpWeekSixDayTwo\LinqWarmUpWeekSixDayTwo.csproj", "{C590042E-3EEC-4112-9872-A9E64E8B116A}"
EndProject
Global
	GlobalSection(SolutionConfigurationPlatforms) = preSolution
		Debug|Any CPU = Debug|Any CPU
		Release|Any CPU = Release|Any CPU
	EndGlobalSection
	GlobalSection(ProjectConfigurationPlatforms) = postSolution
		{C590042E-3EEC-4112-9872-A9E64E8B116A}.Debug|Any CPU.ActiveCfg = Debug|Any CPU
		{C590042E-3EEC-4112-9872-A9E64E8B116A}.Debug|Any CPU.Build.0 = Debug|Any CPU
		{C590042E-3EEC-4112-9872-A9E64E8B116A}.Release|Any CPU.ActiveCfg = Release|Any CPU
		{C590042E-3EEC-4112-9872-A9E64E8B116A}.Release|Any CPU.Build.0 = Release|Any CPU
	EndGlobalSection
	GlobalSection(SolutionProperties) = preSolution
		HideSolutionNode = FALSE
	EndGlobalSection
	GlobalSection(ExtensibilityGlobals) = postSolution
		SolutionGuid = {F2461BB6-8715-4A9E-AEFC-4FF94640623A}
	EndGlobalSection
EndGlobal
