
Microsoft Visual Studio Solution File, Format Version 12.00
# Visual Studio Version 16
VisualStudioVersion = 16.0.31112.23
MinimumVisualStudioVersion = 10.0.40219.1
Project("{FAE04EC0-301F-11D3-BF4B-00C04F79EFBC}") = "InterfaceExercises", "InterfaceExercises.csproj", "{981D216C-46B1-4CD9-80A0-9EE5381A14CD}"
EndProject
Global
	GlobalSection(SolutionConfigurationPlatforms) = preSolution
		Debug|Any CPU = Debug|Any CPU
		Release|Any CPU = Release|Any CPU
	EndGlobalSection
	GlobalSection(ProjectConfigurationPlatforms) = postSolution
		{981D216C-46B1-4CD9-80A0-9EE5381A14CD}.Debug|Any CPU.ActiveCfg = Debug|Any CPU
		{981D216C-46B1-4CD9-80A0-9EE5381A14CD}.Debug|Any CPU.Build.0 = Debug|Any CPU
		{981D216C-46B1-4CD9-80A0-9EE5381A14CD}.Release|Any CPU.ActiveCfg = Release|Any CPU
		{981D216C-46B1-4CD9-80A0-9EE5381A14CD}.Release|Any CPU.Build.0 = Release|Any CPU
	EndGlobalSection
	GlobalSection(SolutionProperties) = preSolution
		HideSolutionNode = FALSE
	EndGlobalSection
	GlobalSection(ExtensibilityGlobals) = postSolution
		SolutionGuid = {FEB75FD3-B8DD-41B9-9364-52CC6D94DD28}
	EndGlobalSection
EndGlobal
