
Microsoft Visual Studio Solution File, Format Version 12.00
# Visual Studio Version 16
VisualStudioVersion = 16.0.31112.23
MinimumVisualStudioVersion = 10.0.40219.1
Project("{FAE04EC0-301F-11D3-BF4B-00C04F79EFBC}") = "RougeLikePersonal", "RougeLikePersonal.csproj", "{DC12FC20-417B-4483-A2C7-35575CE01209}"
EndProject
Global
	GlobalSection(SolutionConfigurationPlatforms) = preSolution
		Debug|Any CPU = Debug|Any CPU
		Release|Any CPU = Release|Any CPU
	EndGlobalSection
	GlobalSection(ProjectConfigurationPlatforms) = postSolution
		{DC12FC20-417B-4483-A2C7-35575CE01209}.Debug|Any CPU.ActiveCfg = Debug|Any CPU
		{DC12FC20-417B-4483-A2C7-35575CE01209}.Debug|Any CPU.Build.0 = Debug|Any CPU
		{DC12FC20-417B-4483-A2C7-35575CE01209}.Release|Any CPU.ActiveCfg = Release|Any CPU
		{DC12FC20-417B-4483-A2C7-35575CE01209}.Release|Any CPU.Build.0 = Release|Any CPU
	EndGlobalSection
	GlobalSection(SolutionProperties) = preSolution
		HideSolutionNode = FALSE
	EndGlobalSection
	GlobalSection(ExtensibilityGlobals) = postSolution
		SolutionGuid = {4FD83BA0-8737-43E3-8E59-F86BB46E46C5}
	EndGlobalSection
EndGlobal
