
Microsoft Visual Studio Solution File, Format Version 12.00
# Visual Studio Version 16
VisualStudioVersion = 16.0.31112.23
MinimumVisualStudioVersion = 10.0.40219.1
Project("{FAE04EC0-301F-11D3-BF4B-00C04F79EFBC}") = "ParagramTest", "ParagramTest.csproj", "{FEC8E87A-702B-460F-BDE7-C05C50C76EF2}"
EndProject
Global
	GlobalSection(SolutionConfigurationPlatforms) = preSolution
		Debug|Any CPU = Debug|Any CPU
		Release|Any CPU = Release|Any CPU
	EndGlobalSection
	GlobalSection(ProjectConfigurationPlatforms) = postSolution
		{FEC8E87A-702B-460F-BDE7-C05C50C76EF2}.Debug|Any CPU.ActiveCfg = Debug|Any CPU
		{FEC8E87A-702B-460F-BDE7-C05C50C76EF2}.Debug|Any CPU.Build.0 = Debug|Any CPU
		{FEC8E87A-702B-460F-BDE7-C05C50C76EF2}.Release|Any CPU.ActiveCfg = Release|Any CPU
		{FEC8E87A-702B-460F-BDE7-C05C50C76EF2}.Release|Any CPU.Build.0 = Release|Any CPU
	EndGlobalSection
	GlobalSection(SolutionProperties) = preSolution
		HideSolutionNode = FALSE
	EndGlobalSection
	GlobalSection(ExtensibilityGlobals) = postSolution
		SolutionGuid = {9FB42AF3-9653-4A0A-A4CC-AA30EC2B4DBB}
	EndGlobalSection
EndGlobal
