
Microsoft Visual Studio Solution File, Format Version 12.00
# Visual Studio Version 16
VisualStudioVersion = 16.0.31229.75
MinimumVisualStudioVersion = 10.0.40219.1
Project("{FAE04EC0-301F-11D3-BF4B-00C04F79EFBC}") = "WarmUpWeek9Day2", "WarmUpWeek9Day2\WarmUpWeek9Day2.csproj", "{52BFAA3F-179B-455C-9A6A-9F81E8A0F4C9}"
EndProject
Project("{FAE04EC0-301F-11D3-BF4B-00C04F79EFBC}") = "WarnUpWeek9Day2.Tests", "WarnUpWeek9Day2.Tests\WarnUpWeek9Day2.Tests.csproj", "{768FF9F2-99B8-4BFA-975B-6E46E7F2B345}"
EndProject
Global
	GlobalSection(SolutionConfigurationPlatforms) = preSolution
		Debug|Any CPU = Debug|Any CPU
		Release|Any CPU = Release|Any CPU
	EndGlobalSection
	GlobalSection(ProjectConfigurationPlatforms) = postSolution
		{52BFAA3F-179B-455C-9A6A-9F81E8A0F4C9}.Debug|Any CPU.ActiveCfg = Debug|Any CPU
		{52BFAA3F-179B-455C-9A6A-9F81E8A0F4C9}.Debug|Any CPU.Build.0 = Debug|Any CPU
		{52BFAA3F-179B-455C-9A6A-9F81E8A0F4C9}.Release|Any CPU.ActiveCfg = Release|Any CPU
		{52BFAA3F-179B-455C-9A6A-9F81E8A0F4C9}.Release|Any CPU.Build.0 = Release|Any CPU
		{768FF9F2-99B8-4BFA-975B-6E46E7F2B345}.Debug|Any CPU.ActiveCfg = Debug|Any CPU
		{768FF9F2-99B8-4BFA-975B-6E46E7F2B345}.Debug|Any CPU.Build.0 = Debug|Any CPU
		{768FF9F2-99B8-4BFA-975B-6E46E7F2B345}.Release|Any CPU.ActiveCfg = Release|Any CPU
		{768FF9F2-99B8-4BFA-975B-6E46E7F2B345}.Release|Any CPU.Build.0 = Release|Any CPU
	EndGlobalSection
	GlobalSection(SolutionProperties) = preSolution
		HideSolutionNode = FALSE
	EndGlobalSection
	GlobalSection(ExtensibilityGlobals) = postSolution
		SolutionGuid = {6C5EAED5-17E5-47C5-B593-B641F065D40F}
	EndGlobalSection
EndGlobal
