
Microsoft Visual Studio Solution File, Format Version 12.00
# Visual Studio Version 16
VisualStudioVersion = 16.0.31112.23
MinimumVisualStudioVersion = 10.0.40219.1
Project("{FAE04EC0-301F-11D3-BF4B-00C04F79EFBC}") = "UpAThridWarmUp", "UpAThridWarmUp\UpAThridWarmUp.csproj", "{EB7B6D5A-7442-4C56-8E08-3FC6D6670F92}"
EndProject
Global
	GlobalSection(SolutionConfigurationPlatforms) = preSolution
		Debug|Any CPU = Debug|Any CPU
		Release|Any CPU = Release|Any CPU
	EndGlobalSection
	GlobalSection(ProjectConfigurationPlatforms) = postSolution
		{EB7B6D5A-7442-4C56-8E08-3FC6D6670F92}.Debug|Any CPU.ActiveCfg = Debug|Any CPU
		{EB7B6D5A-7442-4C56-8E08-3FC6D6670F92}.Debug|Any CPU.Build.0 = Debug|Any CPU
		{EB7B6D5A-7442-4C56-8E08-3FC6D6670F92}.Release|Any CPU.ActiveCfg = Release|Any CPU
		{EB7B6D5A-7442-4C56-8E08-3FC6D6670F92}.Release|Any CPU.Build.0 = Release|Any CPU
	EndGlobalSection
	GlobalSection(SolutionProperties) = preSolution
		HideSolutionNode = FALSE
	EndGlobalSection
	GlobalSection(ExtensibilityGlobals) = postSolution
		SolutionGuid = {E86FD081-158E-4575-8F69-5E616837F5F7}
	EndGlobalSection
EndGlobal
